
Microsoft Visual Studio Solution File, Format Version 12.00
# Visual Studio Version 16
VisualStudioVersion = 16.0.30114.105
MinimumVisualStudioVersion = 10.0.40219.1
Project("{FAE04EC0-301F-11D3-BF4B-00C04F79EFBC}") = "Variables", "01_Variables\Variables.csproj", "{1122233B-C3AC-4E01-BFB5-621F7FF020AD}"
EndProject
Project("{FAE04EC0-301F-11D3-BF4B-00C04F79EFBC}") = "BasicTypes", "02_Types\BasicTypes.csproj", "{92B628A0-DA2F-4ADD-B7C8-6DAA3C3DA4F5}"
EndProject
Project("{FAE04EC0-301F-11D3-BF4B-00C04F79EFBC}") = "Operators", "03_Operators\Operators.csproj", "{A1004A22-10E8-4CBB-B72A-6B6A34339272}"
EndProject
Project("{FAE04EC0-301F-11D3-BF4B-00C04F79EFBC}") = "04_Strings", "04_Strings\04_Strings.csproj", "{A442FC1D-5121-4B5B-BFAF-5B86B4AC5F73}"
EndProject
Project("{2150E333-8FDC-42A3-9474-1A3956D46DE8}") = "06_Conditionals", "06_Conditionals", "{1F7BC22A-FFDE-4977-BA72-C63E66EEEA5E}"
EndProject
Project("{FAE04EC0-301F-11D3-BF4B-00C04F79EFBC}") = "IfStatements", "06_Conditionals\IfStatements\IfStatements.csproj", "{0A06BCA8-43E9-43A3-B6C3-FA7CA52ABC93}"
EndProject
Project("{FAE04EC0-301F-11D3-BF4B-00C04F79EFBC}") = "Ternaries", "06_Conditionals\Ternaries\Ternaries.csproj", "{495D527C-B8C2-4E58-8E7B-D5054A648EA2}"
EndProject
Project("{FAE04EC0-301F-11D3-BF4B-00C04F79EFBC}") = "Switches", "06_Conditionals\Switches\Switches.csproj", "{35671558-21CD-4DDA-B2CF-000E809270C9}"
EndProject
Project("{FAE04EC0-301F-11D3-BF4B-00C04F79EFBC}") = "Booleans", "05_Booleans\Booleans.csproj", "{729440CD-26E5-4A09-B464-31813F109DCD}"
EndProject
Project("{2150E333-8FDC-42A3-9474-1A3956D46DE8}") = "07_Loops", "07_Loops", "{3444E2ED-2F20-43CD-A1CF-4D6937F09E66}"
EndProject
Project("{FAE04EC0-301F-11D3-BF4B-00C04F79EFBC}") = "WhileLoops", "07_Loops\While\WhileLoops.csproj", "{5C00821A-ED17-453A-9217-C959FC812A9A}"
EndProject
Project("{FAE04EC0-301F-11D3-BF4B-00C04F79EFBC}") = "ForeachLoops", "07_Loops\Foreach\ForeachLoops.csproj", "{7DED27E7-45D0-4F3B-8F88-A95BDB8FDEDB}"
EndProject
Project("{FAE04EC0-301F-11D3-BF4B-00C04F79EFBC}") = "DoWhileLoops", "07_Loops\DoWhile\DoWhileLoops.csproj", "{F2869D53-B0FC-4E22-A4D4-6E331112DD3D}"
EndProject
Project("{FAE04EC0-301F-11D3-BF4B-00C04F79EFBC}") = "Classes", "08_Classes\Classes.csproj", "{61436D8F-9990-4510-9552-695757025FC3}"
EndProject
Project("{FAE04EC0-301F-11D3-BF4B-00C04F79EFBC}") = "Delete", "09_Delete\Delete.csproj", "{7FA28D37-8333-4C32-9B1D-D31989CE48A0}"
EndProject
Global
	GlobalSection(SolutionConfigurationPlatforms) = preSolution
		Debug|Any CPU = Debug|Any CPU
		Debug|x64 = Debug|x64
		Debug|x86 = Debug|x86
		Release|Any CPU = Release|Any CPU
		Release|x64 = Release|x64
		Release|x86 = Release|x86
	EndGlobalSection
	GlobalSection(SolutionProperties) = preSolution
		HideSolutionNode = FALSE
	EndGlobalSection
	GlobalSection(ProjectConfigurationPlatforms) = postSolution
		{1122233B-C3AC-4E01-BFB5-621F7FF020AD}.Debug|Any CPU.ActiveCfg = Debug|Any CPU
		{1122233B-C3AC-4E01-BFB5-621F7FF020AD}.Debug|Any CPU.Build.0 = Debug|Any CPU
		{1122233B-C3AC-4E01-BFB5-621F7FF020AD}.Debug|x64.ActiveCfg = Debug|Any CPU
		{1122233B-C3AC-4E01-BFB5-621F7FF020AD}.Debug|x64.Build.0 = Debug|Any CPU
		{1122233B-C3AC-4E01-BFB5-621F7FF020AD}.Debug|x86.ActiveCfg = Debug|Any CPU
		{1122233B-C3AC-4E01-BFB5-621F7FF020AD}.Debug|x86.Build.0 = Debug|Any CPU
		{1122233B-C3AC-4E01-BFB5-621F7FF020AD}.Release|Any CPU.ActiveCfg = Release|Any CPU
		{1122233B-C3AC-4E01-BFB5-621F7FF020AD}.Release|Any CPU.Build.0 = Release|Any CPU
		{1122233B-C3AC-4E01-BFB5-621F7FF020AD}.Release|x64.ActiveCfg = Release|Any CPU
		{1122233B-C3AC-4E01-BFB5-621F7FF020AD}.Release|x64.Build.0 = Release|Any CPU
		{1122233B-C3AC-4E01-BFB5-621F7FF020AD}.Release|x86.ActiveCfg = Release|Any CPU
		{1122233B-C3AC-4E01-BFB5-621F7FF020AD}.Release|x86.Build.0 = Release|Any CPU
		{92B628A0-DA2F-4ADD-B7C8-6DAA3C3DA4F5}.Debug|Any CPU.ActiveCfg = Debug|Any CPU
		{92B628A0-DA2F-4ADD-B7C8-6DAA3C3DA4F5}.Debug|Any CPU.Build.0 = Debug|Any CPU
		{92B628A0-DA2F-4ADD-B7C8-6DAA3C3DA4F5}.Debug|x64.ActiveCfg = Debug|Any CPU
		{92B628A0-DA2F-4ADD-B7C8-6DAA3C3DA4F5}.Debug|x64.Build.0 = Debug|Any CPU
		{92B628A0-DA2F-4ADD-B7C8-6DAA3C3DA4F5}.Debug|x86.ActiveCfg = Debug|Any CPU
		{92B628A0-DA2F-4ADD-B7C8-6DAA3C3DA4F5}.Debug|x86.Build.0 = Debug|Any CPU
		{92B628A0-DA2F-4ADD-B7C8-6DAA3C3DA4F5}.Release|Any CPU.ActiveCfg = Release|Any CPU
		{92B628A0-DA2F-4ADD-B7C8-6DAA3C3DA4F5}.Release|Any CPU.Build.0 = Release|Any CPU
		{92B628A0-DA2F-4ADD-B7C8-6DAA3C3DA4F5}.Release|x64.ActiveCfg = Release|Any CPU
		{92B628A0-DA2F-4ADD-B7C8-6DAA3C3DA4F5}.Release|x64.Build.0 = Release|Any CPU
		{92B628A0-DA2F-4ADD-B7C8-6DAA3C3DA4F5}.Release|x86.ActiveCfg = Release|Any CPU
		{92B628A0-DA2F-4ADD-B7C8-6DAA3C3DA4F5}.Release|x86.Build.0 = Release|Any CPU
		{A1004A22-10E8-4CBB-B72A-6B6A34339272}.Debug|Any CPU.ActiveCfg = Debug|Any CPU
		{A1004A22-10E8-4CBB-B72A-6B6A34339272}.Debug|Any CPU.Build.0 = Debug|Any CPU
		{A1004A22-10E8-4CBB-B72A-6B6A34339272}.Debug|x64.ActiveCfg = Debug|Any CPU
		{A1004A22-10E8-4CBB-B72A-6B6A34339272}.Debug|x64.Build.0 = Debug|Any CPU
		{A1004A22-10E8-4CBB-B72A-6B6A34339272}.Debug|x86.ActiveCfg = Debug|Any CPU
		{A1004A22-10E8-4CBB-B72A-6B6A34339272}.Debug|x86.Build.0 = Debug|Any CPU
		{A1004A22-10E8-4CBB-B72A-6B6A34339272}.Release|Any CPU.ActiveCfg = Release|Any CPU
		{A1004A22-10E8-4CBB-B72A-6B6A34339272}.Release|Any CPU.Build.0 = Release|Any CPU
		{A1004A22-10E8-4CBB-B72A-6B6A34339272}.Release|x64.ActiveCfg = Release|Any CPU
		{A1004A22-10E8-4CBB-B72A-6B6A34339272}.Release|x64.Build.0 = Release|Any CPU
		{A1004A22-10E8-4CBB-B72A-6B6A34339272}.Release|x86.ActiveCfg = Release|Any CPU
		{A1004A22-10E8-4CBB-B72A-6B6A34339272}.Release|x86.Build.0 = Release|Any CPU
		{A442FC1D-5121-4B5B-BFAF-5B86B4AC5F73}.Debug|Any CPU.ActiveCfg = Debug|Any CPU
		{A442FC1D-5121-4B5B-BFAF-5B86B4AC5F73}.Debug|Any CPU.Build.0 = Debug|Any CPU
		{A442FC1D-5121-4B5B-BFAF-5B86B4AC5F73}.Debug|x64.ActiveCfg = Debug|Any CPU
		{A442FC1D-5121-4B5B-BFAF-5B86B4AC5F73}.Debug|x64.Build.0 = Debug|Any CPU
		{A442FC1D-5121-4B5B-BFAF-5B86B4AC5F73}.Debug|x86.ActiveCfg = Debug|Any CPU
		{A442FC1D-5121-4B5B-BFAF-5B86B4AC5F73}.Debug|x86.Build.0 = Debug|Any CPU
		{A442FC1D-5121-4B5B-BFAF-5B86B4AC5F73}.Release|Any CPU.ActiveCfg = Release|Any CPU
		{A442FC1D-5121-4B5B-BFAF-5B86B4AC5F73}.Release|Any CPU.Build.0 = Release|Any CPU
		{A442FC1D-5121-4B5B-BFAF-5B86B4AC5F73}.Release|x64.ActiveCfg = Release|Any CPU
		{A442FC1D-5121-4B5B-BFAF-5B86B4AC5F73}.Release|x64.Build.0 = Release|Any CPU
		{A442FC1D-5121-4B5B-BFAF-5B86B4AC5F73}.Release|x86.ActiveCfg = Release|Any CPU
		{A442FC1D-5121-4B5B-BFAF-5B86B4AC5F73}.Release|x86.Build.0 = Release|Any CPU
		{0A06BCA8-43E9-43A3-B6C3-FA7CA52ABC93}.Debug|Any CPU.ActiveCfg = Debug|Any CPU
		{0A06BCA8-43E9-43A3-B6C3-FA7CA52ABC93}.Debug|Any CPU.Build.0 = Debug|Any CPU
		{0A06BCA8-43E9-43A3-B6C3-FA7CA52ABC93}.Debug|x64.ActiveCfg = Debug|Any CPU
		{0A06BCA8-43E9-43A3-B6C3-FA7CA52ABC93}.Debug|x64.Build.0 = Debug|Any CPU
		{0A06BCA8-43E9-43A3-B6C3-FA7CA52ABC93}.Debug|x86.ActiveCfg = Debug|Any CPU
		{0A06BCA8-43E9-43A3-B6C3-FA7CA52ABC93}.Debug|x86.Build.0 = Debug|Any CPU
		{0A06BCA8-43E9-43A3-B6C3-FA7CA52ABC93}.Release|Any CPU.ActiveCfg = Release|Any CPU
		{0A06BCA8-43E9-43A3-B6C3-FA7CA52ABC93}.Release|Any CPU.Build.0 = Release|Any CPU
		{0A06BCA8-43E9-43A3-B6C3-FA7CA52ABC93}.Release|x64.ActiveCfg = Release|Any CPU
		{0A06BCA8-43E9-43A3-B6C3-FA7CA52ABC93}.Release|x64.Build.0 = Release|Any CPU
		{0A06BCA8-43E9-43A3-B6C3-FA7CA52ABC93}.Release|x86.ActiveCfg = Release|Any CPU
		{0A06BCA8-43E9-43A3-B6C3-FA7CA52ABC93}.Release|x86.Build.0 = Release|Any CPU
		{495D527C-B8C2-4E58-8E7B-D5054A648EA2}.Debug|Any CPU.ActiveCfg = Debug|Any CPU
		{495D527C-B8C2-4E58-8E7B-D5054A648EA2}.Debug|Any CPU.Build.0 = Debug|Any CPU
		{495D527C-B8C2-4E58-8E7B-D5054A648EA2}.Debug|x64.ActiveCfg = Debug|Any CPU
		{495D527C-B8C2-4E58-8E7B-D5054A648EA2}.Debug|x64.Build.0 = Debug|Any CPU
		{495D527C-B8C2-4E58-8E7B-D5054A648EA2}.Debug|x86.ActiveCfg = Debug|Any CPU
		{495D527C-B8C2-4E58-8E7B-D5054A648EA2}.Debug|x86.Build.0 = Debug|Any CPU
		{495D527C-B8C2-4E58-8E7B-D5054A648EA2}.Release|Any CPU.ActiveCfg = Release|Any CPU
		{495D527C-B8C2-4E58-8E7B-D5054A648EA2}.Release|Any CPU.Build.0 = Release|Any CPU
		{495D527C-B8C2-4E58-8E7B-D5054A648EA2}.Release|x64.ActiveCfg = Release|Any CPU
		{495D527C-B8C2-4E58-8E7B-D5054A648EA2}.Release|x64.Build.0 = Release|Any CPU
		{495D527C-B8C2-4E58-8E7B-D5054A648EA2}.Release|x86.ActiveCfg = Release|Any CPU
		{495D527C-B8C2-4E58-8E7B-D5054A648EA2}.Release|x86.Build.0 = Release|Any CPU
		{35671558-21CD-4DDA-B2CF-000E809270C9}.Debug|Any CPU.ActiveCfg = Debug|Any CPU
		{35671558-21CD-4DDA-B2CF-000E809270C9}.Debug|Any CPU.Build.0 = Debug|Any CPU
		{35671558-21CD-4DDA-B2CF-000E809270C9}.Debug|x64.ActiveCfg = Debug|Any CPU
		{35671558-21CD-4DDA-B2CF-000E809270C9}.Debug|x64.Build.0 = Debug|Any CPU
		{35671558-21CD-4DDA-B2CF-000E809270C9}.Debug|x86.ActiveCfg = Debug|Any CPU
		{35671558-21CD-4DDA-B2CF-000E809270C9}.Debug|x86.Build.0 = Debug|Any CPU
		{35671558-21CD-4DDA-B2CF-000E809270C9}.Release|Any CPU.ActiveCfg = Release|Any CPU
		{35671558-21CD-4DDA-B2CF-000E809270C9}.Release|Any CPU.Build.0 = Release|Any CPU
		{35671558-21CD-4DDA-B2CF-000E809270C9}.Release|x64.ActiveCfg = Release|Any CPU
		{35671558-21CD-4DDA-B2CF-000E809270C9}.Release|x64.Build.0 = Release|Any CPU
		{35671558-21CD-4DDA-B2CF-000E809270C9}.Release|x86.ActiveCfg = Release|Any CPU
		{35671558-21CD-4DDA-B2CF-000E809270C9}.Release|x86.Build.0 = Release|Any CPU
		{729440CD-26E5-4A09-B464-31813F109DCD}.Debug|Any CPU.ActiveCfg = Debug|Any CPU
		{729440CD-26E5-4A09-B464-31813F109DCD}.Debug|Any CPU.Build.0 = Debug|Any CPU
		{729440CD-26E5-4A09-B464-31813F109DCD}.Debug|x64.ActiveCfg = Debug|Any CPU
		{729440CD-26E5-4A09-B464-31813F109DCD}.Debug|x64.Build.0 = Debug|Any CPU
		{729440CD-26E5-4A09-B464-31813F109DCD}.Debug|x86.ActiveCfg = Debug|Any CPU
		{729440CD-26E5-4A09-B464-31813F109DCD}.Debug|x86.Build.0 = Debug|Any CPU
		{729440CD-26E5-4A09-B464-31813F109DCD}.Release|Any CPU.ActiveCfg = Release|Any CPU
		{729440CD-26E5-4A09-B464-31813F109DCD}.Release|Any CPU.Build.0 = Release|Any CPU
		{729440CD-26E5-4A09-B464-31813F109DCD}.Release|x64.ActiveCfg = Release|Any CPU
		{729440CD-26E5-4A09-B464-31813F109DCD}.Release|x64.Build.0 = Release|Any CPU
		{729440CD-26E5-4A09-B464-31813F109DCD}.Release|x86.ActiveCfg = Release|Any CPU
		{729440CD-26E5-4A09-B464-31813F109DCD}.Release|x86.Build.0 = Release|Any CPU
		{5C00821A-ED17-453A-9217-C959FC812A9A}.Debug|Any CPU.ActiveCfg = Debug|Any CPU
		{5C00821A-ED17-453A-9217-C959FC812A9A}.Debug|Any CPU.Build.0 = Debug|Any CPU
		{5C00821A-ED17-453A-9217-C959FC812A9A}.Debug|x64.ActiveCfg = Debug|Any CPU
		{5C00821A-ED17-453A-9217-C959FC812A9A}.Debug|x64.Build.0 = Debug|Any CPU
		{5C00821A-ED17-453A-9217-C959FC812A9A}.Debug|x86.ActiveCfg = Debug|Any CPU
		{5C00821A-ED17-453A-9217-C959FC812A9A}.Debug|x86.Build.0 = Debug|Any CPU
		{5C00821A-ED17-453A-9217-C959FC812A9A}.Release|Any CPU.ActiveCfg = Release|Any CPU
		{5C00821A-ED17-453A-9217-C959FC812A9A}.Release|Any CPU.Build.0 = Release|Any CPU
		{5C00821A-ED17-453A-9217-C959FC812A9A}.Release|x64.ActiveCfg = Release|Any CPU
		{5C00821A-ED17-453A-9217-C959FC812A9A}.Release|x64.Build.0 = Release|Any CPU
		{5C00821A-ED17-453A-9217-C959FC812A9A}.Release|x86.ActiveCfg = Release|Any CPU
		{5C00821A-ED17-453A-9217-C959FC812A9A}.Release|x86.Build.0 = Release|Any CPU
		{7DED27E7-45D0-4F3B-8F88-A95BDB8FDEDB}.Debug|Any CPU.ActiveCfg = Debug|Any CPU
		{7DED27E7-45D0-4F3B-8F88-A95BDB8FDEDB}.Debug|Any CPU.Build.0 = Debug|Any CPU
		{7DED27E7-45D0-4F3B-8F88-A95BDB8FDEDB}.Debug|x64.ActiveCfg = Debug|Any CPU
		{7DED27E7-45D0-4F3B-8F88-A95BDB8FDEDB}.Debug|x64.Build.0 = Debug|Any CPU
		{7DED27E7-45D0-4F3B-8F88-A95BDB8FDEDB}.Debug|x86.ActiveCfg = Debug|Any CPU
		{7DED27E7-45D0-4F3B-8F88-A95BDB8FDEDB}.Debug|x86.Build.0 = Debug|Any CPU
		{7DED27E7-45D0-4F3B-8F88-A95BDB8FDEDB}.Release|Any CPU.ActiveCfg = Release|Any CPU
		{7DED27E7-45D0-4F3B-8F88-A95BDB8FDEDB}.Release|Any CPU.Build.0 = Release|Any CPU
		{7DED27E7-45D0-4F3B-8F88-A95BDB8FDEDB}.Release|x64.ActiveCfg = Release|Any CPU
		{7DED27E7-45D0-4F3B-8F88-A95BDB8FDEDB}.Release|x64.Build.0 = Release|Any CPU
		{7DED27E7-45D0-4F3B-8F88-A95BDB8FDEDB}.Release|x86.ActiveCfg = Release|Any CPU
		{7DED27E7-45D0-4F3B-8F88-A95BDB8FDEDB}.Release|x86.Build.0 = Release|Any CPU
		{F2869D53-B0FC-4E22-A4D4-6E331112DD3D}.Debug|Any CPU.ActiveCfg = Debug|Any CPU
		{F2869D53-B0FC-4E22-A4D4-6E331112DD3D}.Debug|Any CPU.Build.0 = Debug|Any CPU
		{F2869D53-B0FC-4E22-A4D4-6E331112DD3D}.Debug|x64.ActiveCfg = Debug|Any CPU
		{F2869D53-B0FC-4E22-A4D4-6E331112DD3D}.Debug|x64.Build.0 = Debug|Any CPU
		{F2869D53-B0FC-4E22-A4D4-6E331112DD3D}.Debug|x86.ActiveCfg = Debug|Any CPU
		{F2869D53-B0FC-4E22-A4D4-6E331112DD3D}.Debug|x86.Build.0 = Debug|Any CPU
		{F2869D53-B0FC-4E22-A4D4-6E331112DD3D}.Release|Any CPU.ActiveCfg = Release|Any CPU
		{F2869D53-B0FC-4E22-A4D4-6E331112DD3D}.Release|Any CPU.Build.0 = Release|Any CPU
		{F2869D53-B0FC-4E22-A4D4-6E331112DD3D}.Release|x64.ActiveCfg = Release|Any CPU
		{F2869D53-B0FC-4E22-A4D4-6E331112DD3D}.Release|x64.Build.0 = Release|Any CPU
		{F2869D53-B0FC-4E22-A4D4-6E331112DD3D}.Release|x86.ActiveCfg = Release|Any CPU
		{F2869D53-B0FC-4E22-A4D4-6E331112DD3D}.Release|x86.Build.0 = Release|Any CPU
		{FA386C81-A870-46B0-B409-95CB3C7136C6}.Debug|Any CPU.ActiveCfg = Debug|Any CPU
		{FA386C81-A870-46B0-B409-95CB3C7136C6}.Debug|Any CPU.Build.0 = Debug|Any CPU
		{FA386C81-A870-46B0-B409-95CB3C7136C6}.Debug|x64.ActiveCfg = Debug|Any CPU
		{FA386C81-A870-46B0-B409-95CB3C7136C6}.Debug|x64.Build.0 = Debug|Any CPU
		{FA386C81-A870-46B0-B409-95CB3C7136C6}.Debug|x86.ActiveCfg = Debug|Any CPU
		{FA386C81-A870-46B0-B409-95CB3C7136C6}.Debug|x86.Build.0 = Debug|Any CPU
		{FA386C81-A870-46B0-B409-95CB3C7136C6}.Release|Any CPU.ActiveCfg = Release|Any CPU
		{FA386C81-A870-46B0-B409-95CB3C7136C6}.Release|Any CPU.Build.0 = Release|Any CPU
		{FA386C81-A870-46B0-B409-95CB3C7136C6}.Release|x64.ActiveCfg = Release|Any CPU
		{FA386C81-A870-46B0-B409-95CB3C7136C6}.Release|x64.Build.0 = Release|Any CPU
		{FA386C81-A870-46B0-B409-95CB3C7136C6}.Release|x86.ActiveCfg = Release|Any CPU
		{FA386C81-A870-46B0-B409-95CB3C7136C6}.Release|x86.Build.0 = Release|Any CPU
		{61436D8F-9990-4510-9552-695757025FC3}.Debug|Any CPU.ActiveCfg = Debug|Any CPU
		{61436D8F-9990-4510-9552-695757025FC3}.Debug|Any CPU.Build.0 = Debug|Any CPU
		{61436D8F-9990-4510-9552-695757025FC3}.Debug|x64.ActiveCfg = Debug|Any CPU
		{61436D8F-9990-4510-9552-695757025FC3}.Debug|x64.Build.0 = Debug|Any CPU
		{61436D8F-9990-4510-9552-695757025FC3}.Debug|x86.ActiveCfg = Debug|Any CPU
		{61436D8F-9990-4510-9552-695757025FC3}.Debug|x86.Build.0 = Debug|Any CPU
		{61436D8F-9990-4510-9552-695757025FC3}.Release|Any CPU.ActiveCfg = Release|Any CPU
		{61436D8F-9990-4510-9552-695757025FC3}.Release|Any CPU.Build.0 = Release|Any CPU
		{61436D8F-9990-4510-9552-695757025FC3}.Release|x64.ActiveCfg = Release|Any CPU
		{61436D8F-9990-4510-9552-695757025FC3}.Release|x64.Build.0 = Release|Any CPU
		{61436D8F-9990-4510-9552-695757025FC3}.Release|x86.ActiveCfg = Release|Any CPU
		{61436D8F-9990-4510-9552-695757025FC3}.Release|x86.Build.0 = Release|Any CPU
		{7FA28D37-8333-4C32-9B1D-D31989CE48A0}.Debug|Any CPU.ActiveCfg = Debug|Any CPU
		{7FA28D37-8333-4C32-9B1D-D31989CE48A0}.Debug|Any CPU.Build.0 = Debug|Any CPU
		{7FA28D37-8333-4C32-9B1D-D31989CE48A0}.Debug|x64.ActiveCfg = Debug|Any CPU
		{7FA28D37-8333-4C32-9B1D-D31989CE48A0}.Debug|x64.Build.0 = Debug|Any CPU
		{7FA28D37-8333-4C32-9B1D-D31989CE48A0}.Debug|x86.ActiveCfg = Debug|Any CPU
		{7FA28D37-8333-4C32-9B1D-D31989CE48A0}.Debug|x86.Build.0 = Debug|Any CPU
		{7FA28D37-8333-4C32-9B1D-D31989CE48A0}.Release|Any CPU.ActiveCfg = Release|Any CPU
		{7FA28D37-8333-4C32-9B1D-D31989CE48A0}.Release|Any CPU.Build.0 = Release|Any CPU
		{7FA28D37-8333-4C32-9B1D-D31989CE48A0}.Release|x64.ActiveCfg = Release|Any CPU
		{7FA28D37-8333-4C32-9B1D-D31989CE48A0}.Release|x64.Build.0 = Release|Any CPU
		{7FA28D37-8333-4C32-9B1D-D31989CE48A0}.Release|x86.ActiveCfg = Release|Any CPU
		{7FA28D37-8333-4C32-9B1D-D31989CE48A0}.Release|x86.Build.0 = Release|Any CPU
	EndGlobalSection
	GlobalSection(NestedProjects) = preSolution
		{0A06BCA8-43E9-43A3-B6C3-FA7CA52ABC93} = {1F7BC22A-FFDE-4977-BA72-C63E66EEEA5E}
		{495D527C-B8C2-4E58-8E7B-D5054A648EA2} = {1F7BC22A-FFDE-4977-BA72-C63E66EEEA5E}
		{35671558-21CD-4DDA-B2CF-000E809270C9} = {1F7BC22A-FFDE-4977-BA72-C63E66EEEA5E}
		{5C00821A-ED17-453A-9217-C959FC812A9A} = {3444E2ED-2F20-43CD-A1CF-4D6937F09E66}
		{7DED27E7-45D0-4F3B-8F88-A95BDB8FDEDB} = {3444E2ED-2F20-43CD-A1CF-4D6937F09E66}
		{F2869D53-B0FC-4E22-A4D4-6E331112DD3D} = {3444E2ED-2F20-43CD-A1CF-4D6937F09E66}
	EndGlobalSection
EndGlobal
