
Microsoft Visual Studio Solution File, Format Version 12.00
# Visual Studio Version 16
VisualStudioVersion = 16.0.30114.105
MinimumVisualStudioVersion = 10.0.40219.1
Project("{FAE04EC0-301F-11D3-BF4B-00C04F79EFBC}") = "Variables", "01_Variables\Variables.csproj", "{1122233B-C3AC-4E01-BFB5-621F7FF020AD}"
EndProject
Project("{FAE04EC0-301F-11D3-BF4B-00C04F79EFBC}") = "BasicTypes", "02_Types\BasicTypes.csproj", "{92B628A0-DA2F-4ADD-B7C8-6DAA3C3DA4F5}"
EndProject
Project("{FAE04EC0-301F-11D3-BF4B-00C04F79EFBC}") = "Operators", "03_Operators\Operators.csproj", "{A1004A22-10E8-4CBB-B72A-6B6A34339272}"
EndProject
Project("{FAE04EC0-301F-11D3-BF4B-00C04F79EFBC}") = "02_Types_Challenges", "02_Types_Challenges\02_Types_Challenges.csproj", "{0654E8E8-072A-488B-AF8A-BE1D56D2E469}"
EndProject
Project("{FAE04EC0-301F-11D3-BF4B-00C04F79EFBC}") = "04_Strings", "04_Strings\04_Strings.csproj", "{A442FC1D-5121-4B5B-BFAF-5B86B4AC5F73}"
EndProject
Project("{2150E333-8FDC-42A3-9474-1A3956D46DE8}") = "06_Conditionals", "06_Conditionals", "{1F7BC22A-FFDE-4977-BA72-C63E66EEEA5E}"
EndProject
Project("{FAE04EC0-301F-11D3-BF4B-00C04F79EFBC}") = "IfStatements", "06_Conditionals\IfStatements\IfStatements.csproj", "{0A06BCA8-43E9-43A3-B6C3-FA7CA52ABC93}"
EndProject
Project("{FAE04EC0-301F-11D3-BF4B-00C04F79EFBC}") = "Ternaries", "06_Conditionals\Ternaries\Ternaries.csproj", "{495D527C-B8C2-4E58-8E7B-D5054A648EA2}"
EndProject
Project("{FAE04EC0-301F-11D3-BF4B-00C04F79EFBC}") = "Switches", "06_Conditionals\Switches\Switches.csproj", "{35671558-21CD-4DDA-B2CF-000E809270C9}"
EndProject
Project("{2150E333-8FDC-42A3-9474-1A3956D46DE8}") = "05_Booleans", "05_Booleans", "{C609547F-F249-402A-87AF-14C0E3CCF185}"
EndProject
Project("{FAE04EC0-301F-11D3-BF4B-00C04F79EFBC}") = "Programs", "05_Booleans\Programs\Programs.csproj", "{7667BFC9-0C5B-4015-8748-00832612D791}"
EndProject
Project("{FAE04EC0-301F-11D3-BF4B-00C04F79EFBC}") = "Booleans", "05_Booleans\Booleans.csproj", "{729440CD-26E5-4A09-B464-31813F109DCD}"
EndProject
Global
	GlobalSection(SolutionConfigurationPlatforms) = preSolution
		Debug|Any CPU = Debug|Any CPU
		Debug|x64 = Debug|x64
		Debug|x86 = Debug|x86
		Release|Any CPU = Release|Any CPU
		Release|x64 = Release|x64
		Release|x86 = Release|x86
	EndGlobalSection
	GlobalSection(SolutionProperties) = preSolution
		HideSolutionNode = FALSE
	EndGlobalSection
	GlobalSection(ProjectConfigurationPlatforms) = postSolution
		{1122233B-C3AC-4E01-BFB5-621F7FF020AD}.Debug|Any CPU.ActiveCfg = Debug|Any CPU
		{1122233B-C3AC-4E01-BFB5-621F7FF020AD}.Debug|Any CPU.Build.0 = Debug|Any CPU
		{1122233B-C3AC-4E01-BFB5-621F7FF020AD}.Debug|x64.ActiveCfg = Debug|Any CPU
		{1122233B-C3AC-4E01-BFB5-621F7FF020AD}.Debug|x64.Build.0 = Debug|Any CPU
		{1122233B-C3AC-4E01-BFB5-621F7FF020AD}.Debug|x86.ActiveCfg = Debug|Any CPU
		{1122233B-C3AC-4E01-BFB5-621F7FF020AD}.Debug|x86.Build.0 = Debug|Any CPU
		{1122233B-C3AC-4E01-BFB5-621F7FF020AD}.Release|Any CPU.ActiveCfg = Release|Any CPU
		{1122233B-C3AC-4E01-BFB5-621F7FF020AD}.Release|Any CPU.Build.0 = Release|Any CPU
		{1122233B-C3AC-4E01-BFB5-621F7FF020AD}.Release|x64.ActiveCfg = Release|Any CPU
		{1122233B-C3AC-4E01-BFB5-621F7FF020AD}.Release|x64.Build.0 = Release|Any CPU
		{1122233B-C3AC-4E01-BFB5-621F7FF020AD}.Release|x86.ActiveCfg = Release|Any CPU
		{1122233B-C3AC-4E01-BFB5-621F7FF020AD}.Release|x86.Build.0 = Release|Any CPU
		{92B628A0-DA2F-4ADD-B7C8-6DAA3C3DA4F5}.Debug|Any CPU.ActiveCfg = Debug|Any CPU
		{92B628A0-DA2F-4ADD-B7C8-6DAA3C3DA4F5}.Debug|Any CPU.Build.0 = Debug|Any CPU
		{92B628A0-DA2F-4ADD-B7C8-6DAA3C3DA4F5}.Debug|x64.ActiveCfg = Debug|Any CPU
		{92B628A0-DA2F-4ADD-B7C8-6DAA3C3DA4F5}.Debug|x64.Build.0 = Debug|Any CPU
		{92B628A0-DA2F-4ADD-B7C8-6DAA3C3DA4F5}.Debug|x86.ActiveCfg = Debug|Any CPU
		{92B628A0-DA2F-4ADD-B7C8-6DAA3C3DA4F5}.Debug|x86.Build.0 = Debug|Any CPU
		{92B628A0-DA2F-4ADD-B7C8-6DAA3C3DA4F5}.Release|Any CPU.ActiveCfg = Release|Any CPU
		{92B628A0-DA2F-4ADD-B7C8-6DAA3C3DA4F5}.Release|Any CPU.Build.0 = Release|Any CPU
		{92B628A0-DA2F-4ADD-B7C8-6DAA3C3DA4F5}.Release|x64.ActiveCfg = Release|Any CPU
		{92B628A0-DA2F-4ADD-B7C8-6DAA3C3DA4F5}.Release|x64.Build.0 = Release|Any CPU
		{92B628A0-DA2F-4ADD-B7C8-6DAA3C3DA4F5}.Release|x86.ActiveCfg = Release|Any CPU
		{92B628A0-DA2F-4ADD-B7C8-6DAA3C3DA4F5}.Release|x86.Build.0 = Release|Any CPU
		{A1004A22-10E8-4CBB-B72A-6B6A34339272}.Debug|Any CPU.ActiveCfg = Debug|Any CPU
		{A1004A22-10E8-4CBB-B72A-6B6A34339272}.Debug|Any CPU.Build.0 = Debug|Any CPU
		{A1004A22-10E8-4CBB-B72A-6B6A34339272}.Debug|x64.ActiveCfg = Debug|Any CPU
		{A1004A22-10E8-4CBB-B72A-6B6A34339272}.Debug|x64.Build.0 = Debug|Any CPU
		{A1004A22-10E8-4CBB-B72A-6B6A34339272}.Debug|x86.ActiveCfg = Debug|Any CPU
		{A1004A22-10E8-4CBB-B72A-6B6A34339272}.Debug|x86.Build.0 = Debug|Any CPU
		{A1004A22-10E8-4CBB-B72A-6B6A34339272}.Release|Any CPU.ActiveCfg = Release|Any CPU
		{A1004A22-10E8-4CBB-B72A-6B6A34339272}.Release|Any CPU.Build.0 = Release|Any CPU
		{A1004A22-10E8-4CBB-B72A-6B6A34339272}.Release|x64.ActiveCfg = Release|Any CPU
		{A1004A22-10E8-4CBB-B72A-6B6A34339272}.Release|x64.Build.0 = Release|Any CPU
		{A1004A22-10E8-4CBB-B72A-6B6A34339272}.Release|x86.ActiveCfg = Release|Any CPU
		{A1004A22-10E8-4CBB-B72A-6B6A34339272}.Release|x86.Build.0 = Release|Any CPU
		{0654E8E8-072A-488B-AF8A-BE1D56D2E469}.Debug|Any CPU.ActiveCfg = Debug|Any CPU
		{0654E8E8-072A-488B-AF8A-BE1D56D2E469}.Debug|Any CPU.Build.0 = Debug|Any CPU
		{0654E8E8-072A-488B-AF8A-BE1D56D2E469}.Debug|x64.ActiveCfg = Debug|Any CPU
		{0654E8E8-072A-488B-AF8A-BE1D56D2E469}.Debug|x64.Build.0 = Debug|Any CPU
		{0654E8E8-072A-488B-AF8A-BE1D56D2E469}.Debug|x86.ActiveCfg = Debug|Any CPU
		{0654E8E8-072A-488B-AF8A-BE1D56D2E469}.Debug|x86.Build.0 = Debug|Any CPU
		{0654E8E8-072A-488B-AF8A-BE1D56D2E469}.Release|Any CPU.ActiveCfg = Release|Any CPU
		{0654E8E8-072A-488B-AF8A-BE1D56D2E469}.Release|Any CPU.Build.0 = Release|Any CPU
		{0654E8E8-072A-488B-AF8A-BE1D56D2E469}.Release|x64.ActiveCfg = Release|Any CPU
		{0654E8E8-072A-488B-AF8A-BE1D56D2E469}.Release|x64.Build.0 = Release|Any CPU
		{0654E8E8-072A-488B-AF8A-BE1D56D2E469}.Release|x86.ActiveCfg = Release|Any CPU
		{0654E8E8-072A-488B-AF8A-BE1D56D2E469}.Release|x86.Build.0 = Release|Any CPU
		{A442FC1D-5121-4B5B-BFAF-5B86B4AC5F73}.Debug|Any CPU.ActiveCfg = Debug|Any CPU
		{A442FC1D-5121-4B5B-BFAF-5B86B4AC5F73}.Debug|Any CPU.Build.0 = Debug|Any CPU
		{A442FC1D-5121-4B5B-BFAF-5B86B4AC5F73}.Debug|x64.ActiveCfg = Debug|Any CPU
		{A442FC1D-5121-4B5B-BFAF-5B86B4AC5F73}.Debug|x64.Build.0 = Debug|Any CPU
		{A442FC1D-5121-4B5B-BFAF-5B86B4AC5F73}.Debug|x86.ActiveCfg = Debug|Any CPU
		{A442FC1D-5121-4B5B-BFAF-5B86B4AC5F73}.Debug|x86.Build.0 = Debug|Any CPU
		{A442FC1D-5121-4B5B-BFAF-5B86B4AC5F73}.Release|Any CPU.ActiveCfg = Release|Any CPU
		{A442FC1D-5121-4B5B-BFAF-5B86B4AC5F73}.Release|Any CPU.Build.0 = Release|Any CPU
		{A442FC1D-5121-4B5B-BFAF-5B86B4AC5F73}.Release|x64.ActiveCfg = Release|Any CPU
		{A442FC1D-5121-4B5B-BFAF-5B86B4AC5F73}.Release|x64.Build.0 = Release|Any CPU
		{A442FC1D-5121-4B5B-BFAF-5B86B4AC5F73}.Release|x86.ActiveCfg = Release|Any CPU
		{A442FC1D-5121-4B5B-BFAF-5B86B4AC5F73}.Release|x86.Build.0 = Release|Any CPU
		{0A06BCA8-43E9-43A3-B6C3-FA7CA52ABC93}.Debug|Any CPU.ActiveCfg = Debug|Any CPU
		{0A06BCA8-43E9-43A3-B6C3-FA7CA52ABC93}.Debug|Any CPU.Build.0 = Debug|Any CPU
		{0A06BCA8-43E9-43A3-B6C3-FA7CA52ABC93}.Debug|x64.ActiveCfg = Debug|Any CPU
		{0A06BCA8-43E9-43A3-B6C3-FA7CA52ABC93}.Debug|x64.Build.0 = Debug|Any CPU
		{0A06BCA8-43E9-43A3-B6C3-FA7CA52ABC93}.Debug|x86.ActiveCfg = Debug|Any CPU
		{0A06BCA8-43E9-43A3-B6C3-FA7CA52ABC93}.Debug|x86.Build.0 = Debug|Any CPU
		{0A06BCA8-43E9-43A3-B6C3-FA7CA52ABC93}.Release|Any CPU.ActiveCfg = Release|Any CPU
		{0A06BCA8-43E9-43A3-B6C3-FA7CA52ABC93}.Release|Any CPU.Build.0 = Release|Any CPU
		{0A06BCA8-43E9-43A3-B6C3-FA7CA52ABC93}.Release|x64.ActiveCfg = Release|Any CPU
		{0A06BCA8-43E9-43A3-B6C3-FA7CA52ABC93}.Release|x64.Build.0 = Release|Any CPU
		{0A06BCA8-43E9-43A3-B6C3-FA7CA52ABC93}.Release|x86.ActiveCfg = Release|Any CPU
		{0A06BCA8-43E9-43A3-B6C3-FA7CA52ABC93}.Release|x86.Build.0 = Release|Any CPU
		{495D527C-B8C2-4E58-8E7B-D5054A648EA2}.Debug|Any CPU.ActiveCfg = Debug|Any CPU
		{495D527C-B8C2-4E58-8E7B-D5054A648EA2}.Debug|Any CPU.Build.0 = Debug|Any CPU
		{495D527C-B8C2-4E58-8E7B-D5054A648EA2}.Debug|x64.ActiveCfg = Debug|Any CPU
		{495D527C-B8C2-4E58-8E7B-D5054A648EA2}.Debug|x64.Build.0 = Debug|Any CPU
		{495D527C-B8C2-4E58-8E7B-D5054A648EA2}.Debug|x86.ActiveCfg = Debug|Any CPU
		{495D527C-B8C2-4E58-8E7B-D5054A648EA2}.Debug|x86.Build.0 = Debug|Any CPU
		{495D527C-B8C2-4E58-8E7B-D5054A648EA2}.Release|Any CPU.ActiveCfg = Release|Any CPU
		{495D527C-B8C2-4E58-8E7B-D5054A648EA2}.Release|Any CPU.Build.0 = Release|Any CPU
		{495D527C-B8C2-4E58-8E7B-D5054A648EA2}.Release|x64.ActiveCfg = Release|Any CPU
		{495D527C-B8C2-4E58-8E7B-D5054A648EA2}.Release|x64.Build.0 = Release|Any CPU
		{495D527C-B8C2-4E58-8E7B-D5054A648EA2}.Release|x86.ActiveCfg = Release|Any CPU
		{495D527C-B8C2-4E58-8E7B-D5054A648EA2}.Release|x86.Build.0 = Release|Any CPU
		{35671558-21CD-4DDA-B2CF-000E809270C9}.Debug|Any CPU.ActiveCfg = Debug|Any CPU
		{35671558-21CD-4DDA-B2CF-000E809270C9}.Debug|Any CPU.Build.0 = Debug|Any CPU
		{35671558-21CD-4DDA-B2CF-000E809270C9}.Debug|x64.ActiveCfg = Debug|Any CPU
		{35671558-21CD-4DDA-B2CF-000E809270C9}.Debug|x64.Build.0 = Debug|Any CPU
		{35671558-21CD-4DDA-B2CF-000E809270C9}.Debug|x86.ActiveCfg = Debug|Any CPU
		{35671558-21CD-4DDA-B2CF-000E809270C9}.Debug|x86.Build.0 = Debug|Any CPU
		{35671558-21CD-4DDA-B2CF-000E809270C9}.Release|Any CPU.ActiveCfg = Release|Any CPU
		{35671558-21CD-4DDA-B2CF-000E809270C9}.Release|Any CPU.Build.0 = Release|Any CPU
		{35671558-21CD-4DDA-B2CF-000E809270C9}.Release|x64.ActiveCfg = Release|Any CPU
		{35671558-21CD-4DDA-B2CF-000E809270C9}.Release|x64.Build.0 = Release|Any CPU
		{35671558-21CD-4DDA-B2CF-000E809270C9}.Release|x86.ActiveCfg = Release|Any CPU
		{35671558-21CD-4DDA-B2CF-000E809270C9}.Release|x86.Build.0 = Release|Any CPU
		{7667BFC9-0C5B-4015-8748-00832612D791}.Debug|Any CPU.ActiveCfg = Debug|Any CPU
		{7667BFC9-0C5B-4015-8748-00832612D791}.Debug|Any CPU.Build.0 = Debug|Any CPU
		{7667BFC9-0C5B-4015-8748-00832612D791}.Debug|x64.ActiveCfg = Debug|Any CPU
		{7667BFC9-0C5B-4015-8748-00832612D791}.Debug|x64.Build.0 = Debug|Any CPU
		{7667BFC9-0C5B-4015-8748-00832612D791}.Debug|x86.ActiveCfg = Debug|Any CPU
		{7667BFC9-0C5B-4015-8748-00832612D791}.Debug|x86.Build.0 = Debug|Any CPU
		{7667BFC9-0C5B-4015-8748-00832612D791}.Release|Any CPU.ActiveCfg = Release|Any CPU
		{7667BFC9-0C5B-4015-8748-00832612D791}.Release|Any CPU.Build.0 = Release|Any CPU
		{7667BFC9-0C5B-4015-8748-00832612D791}.Release|x64.ActiveCfg = Release|Any CPU
		{7667BFC9-0C5B-4015-8748-00832612D791}.Release|x64.Build.0 = Release|Any CPU
		{7667BFC9-0C5B-4015-8748-00832612D791}.Release|x86.ActiveCfg = Release|Any CPU
		{7667BFC9-0C5B-4015-8748-00832612D791}.Release|x86.Build.0 = Release|Any CPU
		{729440CD-26E5-4A09-B464-31813F109DCD}.Debug|Any CPU.ActiveCfg = Debug|Any CPU
		{729440CD-26E5-4A09-B464-31813F109DCD}.Debug|Any CPU.Build.0 = Debug|Any CPU
		{729440CD-26E5-4A09-B464-31813F109DCD}.Debug|x64.ActiveCfg = Debug|Any CPU
		{729440CD-26E5-4A09-B464-31813F109DCD}.Debug|x64.Build.0 = Debug|Any CPU
		{729440CD-26E5-4A09-B464-31813F109DCD}.Debug|x86.ActiveCfg = Debug|Any CPU
		{729440CD-26E5-4A09-B464-31813F109DCD}.Debug|x86.Build.0 = Debug|Any CPU
		{729440CD-26E5-4A09-B464-31813F109DCD}.Release|Any CPU.ActiveCfg = Release|Any CPU
		{729440CD-26E5-4A09-B464-31813F109DCD}.Release|Any CPU.Build.0 = Release|Any CPU
		{729440CD-26E5-4A09-B464-31813F109DCD}.Release|x64.ActiveCfg = Release|Any CPU
		{729440CD-26E5-4A09-B464-31813F109DCD}.Release|x64.Build.0 = Release|Any CPU
		{729440CD-26E5-4A09-B464-31813F109DCD}.Release|x86.ActiveCfg = Release|Any CPU
		{729440CD-26E5-4A09-B464-31813F109DCD}.Release|x86.Build.0 = Release|Any CPU
	EndGlobalSection
	GlobalSection(NestedProjects) = preSolution
		{0A06BCA8-43E9-43A3-B6C3-FA7CA52ABC93} = {1F7BC22A-FFDE-4977-BA72-C63E66EEEA5E}
		{495D527C-B8C2-4E58-8E7B-D5054A648EA2} = {1F7BC22A-FFDE-4977-BA72-C63E66EEEA5E}
		{35671558-21CD-4DDA-B2CF-000E809270C9} = {1F7BC22A-FFDE-4977-BA72-C63E66EEEA5E}
		{7667BFC9-0C5B-4015-8748-00832612D791} = {C609547F-F249-402A-87AF-14C0E3CCF185}
	EndGlobalSection
EndGlobal
